// !$*UTF8*$!
{
	archiveVersion = 1;
	classes = {
	};
	objectVersion = 48;
	objects = {

/* Begin PBXBuildFile section */
		121ACF9B22702A7B00013834 /* AppDelegate.swift in Sources */ = {isa = PBXBuildFile; fileRef = 121ACF9A22702A7B00013834 /* AppDelegate.swift */; };
		121ACFA022702A7B00013834 /* Main.storyboard in Resources */ = {isa = PBXBuildFile; fileRef = 121ACF9E22702A7B00013834 /* Main.storyboard */; };
		121ACFA222702A7B00013834 /* Assets.xcassets in Resources */ = {isa = PBXBuildFile; fileRef = 121ACFA122702A7B00013834 /* Assets.xcassets */; };
		121ACFA522702A7B00013834 /* LaunchScreen.storyboard in Resources */ = {isa = PBXBuildFile; fileRef = 121ACFA322702A7B00013834 /* LaunchScreen.storyboard */; };
		121ACFB022702BF300013834 /* SWRevealViewController.m in Sources */ = {isa = PBXBuildFile; fileRef = 121ACFAE22702BF300013834 /* SWRevealViewController.m */; };
		12BA0E802272BE2100182F1B /* Constants.swift in Sources */ = {isa = PBXBuildFile; fileRef = 12BA0E7F2272BE2100182F1B /* Constants.swift */; };
		12BA0E822272C5C800182F1B /* LoginVC.swift in Sources */ = {isa = PBXBuildFile; fileRef = 12BA0E812272C5C800182F1B /* LoginVC.swift */; };
		12BA0E842272CB1300182F1B /* CreateAccountVC.swift in Sources */ = {isa = PBXBuildFile; fileRef = 12BA0E832272CB1300182F1B /* CreateAccountVC.swift */; };
		12DB7E3422716FE7004ACD07 /* ChatVC.swift in Sources */ = {isa = PBXBuildFile; fileRef = 12DB7E3322716FE7004ACD07 /* ChatVC.swift */; };
		12DB7E3622717005004ACD07 /* ChannelVC.swift in Sources */ = {isa = PBXBuildFile; fileRef = 12DB7E3522717005004ACD07 /* ChannelVC.swift */; };
		12DB7E3822717896004ACD07 /* GradientView.swift in Sources */ = {isa = PBXBuildFile; fileRef = 12DB7E3722717896004ACD07 /* GradientView.swift */; };
		170BC5D45D2D232D9740FE0E /* Pods_SmartSmack.framework in Frameworks */ = {isa = PBXBuildFile; fileRef = 433A5D96D34012EBC5DFA6EA /* Pods_SmartSmack.framework */; };
/* End PBXBuildFile section */

/* Begin PBXFileReference section */
		121ACF9722702A7B00013834 /* SmartSmack.app */ = {isa = PBXFileReference; explicitFileType = wrapper.application; includeInIndex = 0; path = SmartSmack.app; sourceTree = BUILT_PRODUCTS_DIR; };
		121ACF9A22702A7B00013834 /* AppDelegate.swift */ = {isa = PBXFileReference; lastKnownFileType = sourcecode.swift; path = AppDelegate.swift; sourceTree = "<group>"; };
		121ACF9F22702A7B00013834 /* Base */ = {isa = PBXFileReference; lastKnownFileType = file.storyboard; name = Base; path = Base.lproj/Main.storyboard; sourceTree = "<group>"; };
		121ACFA122702A7B00013834 /* Assets.xcassets */ = {isa = PBXFileReference; lastKnownFileType = folder.assetcatalog; path = Assets.xcassets; sourceTree = "<group>"; };
		121ACFA422702A7B00013834 /* Base */ = {isa = PBXFileReference; lastKnownFileType = file.storyboard; name = Base; path = Base.lproj/LaunchScreen.storyboard; sourceTree = "<group>"; };
		121ACFA622702A7B00013834 /* Info.plist */ = {isa = PBXFileReference; lastKnownFileType = text.plist.xml; path = Info.plist; sourceTree = "<group>"; };
		121ACFAD22702BF200013834 /* SmartSmack-Bridging-Header.h */ = {isa = PBXFileReference; lastKnownFileType = sourcecode.c.h; path = "SmartSmack-Bridging-Header.h"; sourceTree = "<group>"; };
		121ACFAE22702BF300013834 /* SWRevealViewController.m */ = {isa = PBXFileReference; fileEncoding = 4; lastKnownFileType = sourcecode.c.objc; path = SWRevealViewController.m; sourceTree = "<group>"; };
		121ACFAF22702BF300013834 /* SWRevealViewController.h */ = {isa = PBXFileReference; fileEncoding = 4; lastKnownFileType = sourcecode.c.h; path = SWRevealViewController.h; sourceTree = "<group>"; };
		12BA0E7F2272BE2100182F1B /* Constants.swift */ = {isa = PBXFileReference; lastKnownFileType = sourcecode.swift; path = Constants.swift; sourceTree = "<group>"; };
		12BA0E812272C5C800182F1B /* LoginVC.swift */ = {isa = PBXFileReference; lastKnownFileType = sourcecode.swift; path = LoginVC.swift; sourceTree = "<group>"; };
		12BA0E832272CB1300182F1B /* CreateAccountVC.swift */ = {isa = PBXFileReference; lastKnownFileType = sourcecode.swift; path = CreateAccountVC.swift; sourceTree = "<group>"; };
		12DB7E3322716FE7004ACD07 /* ChatVC.swift */ = {isa = PBXFileReference; lastKnownFileType = sourcecode.swift; path = ChatVC.swift; sourceTree = "<group>"; };
		12DB7E3522717005004ACD07 /* ChannelVC.swift */ = {isa = PBXFileReference; lastKnownFileType = sourcecode.swift; path = ChannelVC.swift; sourceTree = "<group>"; };
		12DB7E3722717896004ACD07 /* GradientView.swift */ = {isa = PBXFileReference; lastKnownFileType = sourcecode.swift; path = GradientView.swift; sourceTree = "<group>"; };
		433A5D96D34012EBC5DFA6EA /* Pods_SmartSmack.framework */ = {isa = PBXFileReference; explicitFileType = wrapper.framework; includeInIndex = 0; path = Pods_SmartSmack.framework; sourceTree = BUILT_PRODUCTS_DIR; };
		630FE9DE702F55D207AEEB5B /* Pods-SmartSmack.debug.xcconfig */ = {isa = PBXFileReference; includeInIndex = 1; lastKnownFileType = text.xcconfig; name = "Pods-SmartSmack.debug.xcconfig"; path = "Pods/Target Support Files/Pods-SmartSmack/Pods-SmartSmack.debug.xcconfig"; sourceTree = "<group>"; };
		8BF50BD317C606C79A3571E6 /* Pods-SmartSmack.release.xcconfig */ = {isa = PBXFileReference; includeInIndex = 1; lastKnownFileType = text.xcconfig; name = "Pods-SmartSmack.release.xcconfig"; path = "Pods/Target Support Files/Pods-SmartSmack/Pods-SmartSmack.release.xcconfig"; sourceTree = "<group>"; };
/* End PBXFileReference section */

/* Begin PBXFrameworksBuildPhase section */
		121ACF9422702A7B00013834 /* Frameworks */ = {
			isa = PBXFrameworksBuildPhase;
			buildActionMask = 2147483647;
			files = (
				170BC5D45D2D232D9740FE0E /* Pods_SmartSmack.framework in Frameworks */,
			);
			runOnlyForDeploymentPostprocessing = 0;
		};
/* End PBXFrameworksBuildPhase section */

/* Begin PBXGroup section */
		121ACF8E22702A7B00013834 = {
			isa = PBXGroup;
			children = (
				121ACFAC22702BCF00013834 /* Supporting Files */,
				121ACF9922702A7B00013834 /* SmartSmack */,
				121ACF9822702A7B00013834 /* Products */,
				A68232035805C757E259BF1A /* Pods */,
				F8EC1DEFC1B7DBCF619E1890 /* Frameworks */,
			);
			sourceTree = "<group>";
		};
		121ACF9822702A7B00013834 /* Products */ = {
			isa = PBXGroup;
			children = (
				121ACF9722702A7B00013834 /* SmartSmack.app */,
			);
			name = Products;
			sourceTree = "<group>";
		};
		121ACF9922702A7B00013834 /* SmartSmack */ = {
			isa = PBXGroup;
			children = (
				12BA0E7E2272BE0700182F1B /* Utilities */,
				12DB7E3222716F84004ACD07 /* Model */,
				12DB7E3122716F7C004ACD07 /* View */,
				12DB7E3022716F73004ACD07 /* Controller */,
				121ACF9A22702A7B00013834 /* AppDelegate.swift */,
				121ACF9E22702A7B00013834 /* Main.storyboard */,
				121ACFA122702A7B00013834 /* Assets.xcassets */,
				121ACFA322702A7B00013834 /* LaunchScreen.storyboard */,
				121ACFA622702A7B00013834 /* Info.plist */,
			);
			path = SmartSmack;
			sourceTree = "<group>";
		};
		121ACFAC22702BCF00013834 /* Supporting Files */ = {
			isa = PBXGroup;
			children = (
				121ACFAF22702BF300013834 /* SWRevealViewController.h */,
				121ACFAE22702BF300013834 /* SWRevealViewController.m */,
				121ACFAD22702BF200013834 /* SmartSmack-Bridging-Header.h */,
			);
			path = "Supporting Files";
			sourceTree = "<group>";
		};
		12BA0E7E2272BE0700182F1B /* Utilities */ = {
			isa = PBXGroup;
			children = (
				12BA0E7F2272BE2100182F1B /* Constants.swift */,
			);
			path = Utilities;
			sourceTree = "<group>";
		};
		12DB7E3022716F73004ACD07 /* Controller */ = {
			isa = PBXGroup;
			children = (
				12DB7E3322716FE7004ACD07 /* ChatVC.swift */,
				12DB7E3522717005004ACD07 /* ChannelVC.swift */,
				12BA0E812272C5C800182F1B /* LoginVC.swift */,
				12BA0E832272CB1300182F1B /* CreateAccountVC.swift */,
			);
			path = Controller;
			sourceTree = "<group>";
		};
		12DB7E3122716F7C004ACD07 /* View */ = {
			isa = PBXGroup;
			children = (
				12DB7E3722717896004ACD07 /* GradientView.swift */,
			);
			path = View;
			sourceTree = "<group>";
		};
		12DB7E3222716F84004ACD07 /* Model */ = {
			isa = PBXGroup;
			children = (
			);
			path = Model;
			sourceTree = "<group>";
		};
		A68232035805C757E259BF1A /* Pods */ = {
			isa = PBXGroup;
			children = (
				630FE9DE702F55D207AEEB5B /* Pods-SmartSmack.debug.xcconfig */,
				8BF50BD317C606C79A3571E6 /* Pods-SmartSmack.release.xcconfig */,
			);
			name = Pods;
			sourceTree = "<group>";
		};
		F8EC1DEFC1B7DBCF619E1890 /* Frameworks */ = {
			isa = PBXGroup;
			children = (
				433A5D96D34012EBC5DFA6EA /* Pods_SmartSmack.framework */,
			);
			name = Frameworks;
			sourceTree = "<group>";
		};
/* End PBXGroup section */

/* Begin PBXNativeTarget section */
		121ACF9622702A7B00013834 /* SmartSmack */ = {
			isa = PBXNativeTarget;
			buildConfigurationList = 121ACFA922702A7B00013834 /* Build configuration list for PBXNativeTarget "SmartSmack" */;
			buildPhases = (
				2F0EF7A0280C9E917ACDB43F /* [CP] Check Pods Manifest.lock */,
				121ACF9322702A7B00013834 /* Sources */,
				121ACF9422702A7B00013834 /* Frameworks */,
				121ACF9522702A7B00013834 /* Resources */,
				07452ECADF20BFD0FCD82849 /* [CP] Embed Pods Frameworks */,
			);
			buildRules = (
			);
			dependencies = (
			);
			name = SmartSmack;
			productName = SmartSmack;
			productReference = 121ACF9722702A7B00013834 /* SmartSmack.app */;
			productType = "com.apple.product-type.application";
		};
/* End PBXNativeTarget section */

/* Begin PBXProject section */
		121ACF8F22702A7B00013834 /* Project object */ = {
			isa = PBXProject;
			attributes = {
				LastSwiftUpdateCheck = 0920;
				LastUpgradeCheck = 0920;
				ORGANIZATIONNAME = "Trinidad Garcia";
				TargetAttributes = {
					121ACF9622702A7B00013834 = {
						CreatedOnToolsVersion = 9.2;
						LastSwiftMigration = 0920;
						ProvisioningStyle = Automatic;
					};
				};
			};
			buildConfigurationList = 121ACF9222702A7B00013834 /* Build configuration list for PBXProject "SmartSmack" */;
			compatibilityVersion = "Xcode 8.0";
			developmentRegion = en;
			hasScannedForEncodings = 0;
			knownRegions = (
				en,
				Base,
			);
			mainGroup = 121ACF8E22702A7B00013834;
			productRefGroup = 121ACF9822702A7B00013834 /* Products */;
			projectDirPath = "";
			projectRoot = "";
			targets = (
				121ACF9622702A7B00013834 /* SmartSmack */,
			);
		};
/* End PBXProject section */

/* Begin PBXResourcesBuildPhase section */
		121ACF9522702A7B00013834 /* Resources */ = {
			isa = PBXResourcesBuildPhase;
			buildActionMask = 2147483647;
			files = (
				121ACFA522702A7B00013834 /* LaunchScreen.storyboard in Resources */,
				121ACFA222702A7B00013834 /* Assets.xcassets in Resources */,
				121ACFA022702A7B00013834 /* Main.storyboard in Resources */,
			);
			runOnlyForDeploymentPostprocessing = 0;
		};
/* End PBXResourcesBuildPhase section */

/* Begin PBXShellScriptBuildPhase section */
		07452ECADF20BFD0FCD82849 /* [CP] Embed Pods Frameworks */ = {
			isa = PBXShellScriptBuildPhase;
			buildActionMask = 2147483647;
			files = (
			);
			inputPaths = (
				"${SRCROOT}/Pods/Target Support Files/Pods-SmartSmack/Pods-SmartSmack-frameworks.sh",
				"${BUILT_PRODUCTS_DIR}/Alamofire/Alamofire.framework",
				"${BUILT_PRODUCTS_DIR}/Socket.IO-Client-Swift/SocketIO.framework",
				"${BUILT_PRODUCTS_DIR}/Starscream/Starscream.framework",
				"${BUILT_PRODUCTS_DIR}/SwiftyJSON/SwiftyJSON.framework",
			);
			name = "[CP] Embed Pods Frameworks";
			outputPaths = (
				"${TARGET_BUILD_DIR}/${FRAMEWORKS_FOLDER_PATH}/Alamofire.framework",
				"${TARGET_BUILD_DIR}/${FRAMEWORKS_FOLDER_PATH}/SocketIO.framework",
				"${TARGET_BUILD_DIR}/${FRAMEWORKS_FOLDER_PATH}/Starscream.framework",
				"${TARGET_BUILD_DIR}/${FRAMEWORKS_FOLDER_PATH}/SwiftyJSON.framework",
			);
			runOnlyForDeploymentPostprocessing = 0;
			shellPath = /bin/sh;
			shellScript = "\"${SRCROOT}/Pods/Target Support Files/Pods-SmartSmack/Pods-SmartSmack-frameworks.sh\"\n";
			showEnvVarsInLog = 0;
		};
		2F0EF7A0280C9E917ACDB43F /* [CP] Check Pods Manifest.lock */ = {
			isa = PBXShellScriptBuildPhase;
			buildActionMask = 2147483647;
			files = (
			);
			inputPaths = (
				"${PODS_PODFILE_DIR_PATH}/Podfile.lock",
				"${PODS_ROOT}/Manifest.lock",
			);
			name = "[CP] Check Pods Manifest.lock";
			outputPaths = (
				"$(DERIVED_FILE_DIR)/Pods-SmartSmack-checkManifestLockResult.txt",
			);
			runOnlyForDeploymentPostprocessing = 0;
			shellPath = /bin/sh;
			shellScript = "diff \"${PODS_PODFILE_DIR_PATH}/Podfile.lock\" \"${PODS_ROOT}/Manifest.lock\" > /dev/null\nif [ $? != 0 ] ; then\n    # print error to STDERR\n    echo \"error: The sandbox is not in sync with the Podfile.lock. Run 'pod install' or update your CocoaPods installation.\" >&2\n    exit 1\nfi\n# This output is used by Xcode 'outputs' to avoid re-running this script phase.\necho \"SUCCESS\" > \"${SCRIPT_OUTPUT_FILE_0}\"\n";
			showEnvVarsInLog = 0;
		};
/* End PBXShellScriptBuildPhase section */

/* Begin PBXSourcesBuildPhase section */
		121ACF9322702A7B00013834 /* Sources */ = {
			isa = PBXSourcesBuildPhase;
			buildActionMask = 2147483647;
			files = (
				12DB7E3622717005004ACD07 /* ChannelVC.swift in Sources */,
				12DB7E3422716FE7004ACD07 /* ChatVC.swift in Sources */,
				12BA0E842272CB1300182F1B /* CreateAccountVC.swift in Sources */,
				12BA0E822272C5C800182F1B /* LoginVC.swift in Sources */,
				12DB7E3822717896004ACD07 /* GradientView.swift in Sources */,
				121ACF9B22702A7B00013834 /* AppDelegate.swift in Sources */,
				121ACFB022702BF300013834 /* SWRevealViewController.m in Sources */,
				12BA0E802272BE2100182F1B /* Constants.swift in Sources */,
			);
			runOnlyForDeploymentPostprocessing = 0;
		};
/* End PBXSourcesBuildPhase section */

/* Begin PBXVariantGroup section */
		121ACF9E22702A7B00013834 /* Main.storyboard */ = {
			isa = PBXVariantGroup;
			children = (
				121ACF9F22702A7B00013834 /* Base */,
			);
			name = Main.storyboard;
			sourceTree = "<group>";
		};
		121ACFA322702A7B00013834 /* LaunchScreen.storyboard */ = {
			isa = PBXVariantGroup;
			children = (
				121ACFA422702A7B00013834 /* Base */,
			);
			name = LaunchScreen.storyboard;
			sourceTree = "<group>";
		};
/* End PBXVariantGroup section */

/* Begin XCBuildConfiguration section */
		121ACFA722702A7B00013834 /* Debug */ = {
			isa = XCBuildConfiguration;
			buildSettings = {
				ALWAYS_SEARCH_USER_PATHS = NO;
				CLANG_ANALYZER_NONNULL = YES;
				CLANG_ANALYZER_NUMBER_OBJECT_CONVERSION = YES_AGGRESSIVE;
				CLANG_CXX_LANGUAGE_STANDARD = "gnu++14";
				CLANG_CXX_LIBRARY = "libc++";
				CLANG_ENABLE_MODULES = YES;
				CLANG_ENABLE_OBJC_ARC = YES;
				CLANG_WARN_BLOCK_CAPTURE_AUTORELEASING = YES;
				CLANG_WARN_BOOL_CONVERSION = YES;
				CLANG_WARN_COMMA = YES;
				CLANG_WARN_CONSTANT_CONVERSION = YES;
				CLANG_WARN_DIRECT_OBJC_ISA_USAGE = YES_ERROR;
				CLANG_WARN_DOCUMENTATION_COMMENTS = YES;
				CLANG_WARN_EMPTY_BODY = YES;
				CLANG_WARN_ENUM_CONVERSION = YES;
				CLANG_WARN_INFINITE_RECURSION = YES;
				CLANG_WARN_INT_CONVERSION = YES;
				CLANG_WARN_NON_LITERAL_NULL_CONVERSION = YES;
				CLANG_WARN_OBJC_LITERAL_CONVERSION = YES;
				CLANG_WARN_OBJC_ROOT_CLASS = YES_ERROR;
				CLANG_WARN_RANGE_LOOP_ANALYSIS = YES;
				CLANG_WARN_STRICT_PROTOTYPES = YES;
				CLANG_WARN_SUSPICIOUS_MOVE = YES;
				CLANG_WARN_UNGUARDED_AVAILABILITY = YES_AGGRESSIVE;
				CLANG_WARN_UNREACHABLE_CODE = YES;
				CLANG_WARN__DUPLICATE_METHOD_MATCH = YES;
				CODE_SIGN_IDENTITY = "iPhone Developer";
				COPY_PHASE_STRIP = NO;
				DEBUG_INFORMATION_FORMAT = dwarf;
				ENABLE_STRICT_OBJC_MSGSEND = YES;
				ENABLE_TESTABILITY = YES;
				GCC_C_LANGUAGE_STANDARD = gnu11;
				GCC_DYNAMIC_NO_PIC = NO;
				GCC_NO_COMMON_BLOCKS = YES;
				GCC_OPTIMIZATION_LEVEL = 0;
				GCC_PREPROCESSOR_DEFINITIONS = (
					"DEBUG=1",
					"$(inherited)",
				);
				GCC_WARN_64_TO_32_BIT_CONVERSION = YES;
				GCC_WARN_ABOUT_RETURN_TYPE = YES_ERROR;
				GCC_WARN_UNDECLARED_SELECTOR = YES;
				GCC_WARN_UNINITIALIZED_AUTOS = YES_AGGRESSIVE;
				GCC_WARN_UNUSED_FUNCTION = YES;
				GCC_WARN_UNUSED_VARIABLE = YES;
				IPHONEOS_DEPLOYMENT_TARGET = 11.2;
				MTL_ENABLE_DEBUG_INFO = YES;
				ONLY_ACTIVE_ARCH = YES;
				SDKROOT = iphoneos;
				SWIFT_ACTIVE_COMPILATION_CONDITIONS = DEBUG;
				SWIFT_OPTIMIZATION_LEVEL = "-Onone";
			};
			name = Debug;
		};
		121ACFA822702A7B00013834 /* Release */ = {
			isa = XCBuildConfiguration;
			buildSettings = {
				ALWAYS_SEARCH_USER_PATHS = NO;
				CLANG_ANALYZER_NONNULL = YES;
				CLANG_ANALYZER_NUMBER_OBJECT_CONVERSION = YES_AGGRESSIVE;
				CLANG_CXX_LANGUAGE_STANDARD = "gnu++14";
				CLANG_CXX_LIBRARY = "libc++";
				CLANG_ENABLE_MODULES = YES;
				CLANG_ENABLE_OBJC_ARC = YES;
				CLANG_WARN_BLOCK_CAPTURE_AUTORELEASING = YES;
				CLANG_WARN_BOOL_CONVERSION = YES;
				CLANG_WARN_COMMA = YES;
				CLANG_WARN_CONSTANT_CONVERSION = YES;
				CLANG_WARN_DIRECT_OBJC_ISA_USAGE = YES_ERROR;
				CLANG_WARN_DOCUMENTATION_COMMENTS = YES;
				CLANG_WARN_EMPTY_BODY = YES;
				CLANG_WARN_ENUM_CONVERSION = YES;
				CLANG_WARN_INFINITE_RECURSION = YES;
				CLANG_WARN_INT_CONVERSION = YES;
				CLANG_WARN_NON_LITERAL_NULL_CONVERSION = YES;
				CLANG_WARN_OBJC_LITERAL_CONVERSION = YES;
				CLANG_WARN_OBJC_ROOT_CLASS = YES_ERROR;
				CLANG_WARN_RANGE_LOOP_ANALYSIS = YES;
				CLANG_WARN_STRICT_PROTOTYPES = YES;
				CLANG_WARN_SUSPICIOUS_MOVE = YES;
				CLANG_WARN_UNGUARDED_AVAILABILITY = YES_AGGRESSIVE;
				CLANG_WARN_UNREACHABLE_CODE = YES;
				CLANG_WARN__DUPLICATE_METHOD_MATCH = YES;
				CODE_SIGN_IDENTITY = "iPhone Developer";
				COPY_PHASE_STRIP = NO;
				DEBUG_INFORMATION_FORMAT = "dwarf-with-dsym";
				ENABLE_NS_ASSERTIONS = NO;
				ENABLE_STRICT_OBJC_MSGSEND = YES;
				GCC_C_LANGUAGE_STANDARD = gnu11;
				GCC_NO_COMMON_BLOCKS = YES;
				GCC_WARN_64_TO_32_BIT_CONVERSION = YES;
				GCC_WARN_ABOUT_RETURN_TYPE = YES_ERROR;
				GCC_WARN_UNDECLARED_SELECTOR = YES;
				GCC_WARN_UNINITIALIZED_AUTOS = YES_AGGRESSIVE;
				GCC_WARN_UNUSED_FUNCTION = YES;
				GCC_WARN_UNUSED_VARIABLE = YES;
				IPHONEOS_DEPLOYMENT_TARGET = 11.2;
				MTL_ENABLE_DEBUG_INFO = NO;
				SDKROOT = iphoneos;
				SWIFT_OPTIMIZATION_LEVEL = "-Owholemodule";
				VALIDATE_PRODUCT = YES;
			};
			name = Release;
		};
		121ACFAA22702A7B00013834 /* Debug */ = {
			isa = XCBuildConfiguration;
			baseConfigurationReference = 630FE9DE702F55D207AEEB5B /* Pods-SmartSmack.debug.xcconfig */;
			buildSettings = {
				ASSETCATALOG_COMPILER_APPICON_NAME = AppIcon;
				CLANG_ENABLE_MODULES = YES;
				CODE_SIGN_STYLE = Automatic;
				DEVELOPMENT_TEAM = 3X3F9P5749;
				INFOPLIST_FILE = SmartSmack/Info.plist;
				LD_RUNPATH_SEARCH_PATHS = "$(inherited) @executable_path/Frameworks";
				PRODUCT_BUNDLE_IDENTIFIER = com.galosoft.SmartSmack;
				PRODUCT_NAME = "$(TARGET_NAME)";
				SWIFT_OBJC_BRIDGING_HEADER = "Supporting Files/SmartSmack-Bridging-Header.h";
				SWIFT_OPTIMIZATION_LEVEL = "-Onone";
				SWIFT_VERSION = 4.0;
				TARGETED_DEVICE_FAMILY = "1,2";
			};
			name = Debug;
		};
		121ACFAB22702A7B00013834 /* Release */ = {
			isa = XCBuildConfiguration;
			baseConfigurationReference = 8BF50BD317C606C79A3571E6 /* Pods-SmartSmack.release.xcconfig */;
			buildSettings = {
				ASSETCATALOG_COMPILER_APPICON_NAME = AppIcon;
				CLANG_ENABLE_MODULES = YES;
				CODE_SIGN_STYLE = Automatic;
				DEVELOPMENT_TEAM = 3X3F9P5749;
				INFOPLIST_FILE = SmartSmack/Info.plist;
				LD_RUNPATH_SEARCH_PATHS = "$(inherited) @executable_path/Frameworks";
				PRODUCT_BUNDLE_IDENTIFIER = com.galosoft.SmartSmack;
				PRODUCT_NAME = "$(TARGET_NAME)";
				SWIFT_OBJC_BRIDGING_HEADER = "Supporting Files/SmartSmack-Bridging-Header.h";
				SWIFT_VERSION = 4.0;
				TARGETED_DEVICE_FAMILY = "1,2";
			};
			name = Release;
		};
/* End XCBuildConfiguration section */

/* Begin XCConfigurationList section */
		121ACF9222702A7B00013834 /* Build configuration list for PBXProject "SmartSmack" */ = {
			isa = XCConfigurationList;
			buildConfigurations = (
				121ACFA722702A7B00013834 /* Debug */,
				121ACFA822702A7B00013834 /* Release */,
			);
			defaultConfigurationIsVisible = 0;
			defaultConfigurationName = Release;
		};
		121ACFA922702A7B00013834 /* Build configuration list for PBXNativeTarget "SmartSmack" */ = {
			isa = XCConfigurationList;
			buildConfigurations = (
				121ACFAA22702A7B00013834 /* Debug */,
				121ACFAB22702A7B00013834 /* Release */,
			);
			defaultConfigurationIsVisible = 0;
			defaultConfigurationName = Release;
		};
/* End XCConfigurationList section */
	};
	rootObject = 121ACF8F22702A7B00013834 /* Project object */;
}
